
Microsoft Visual Studio Solution File, Format Version 12.00
# Visual Studio Version 16
VisualStudioVersion = 16.0.33927.289
MinimumVisualStudioVersion = 10.0.40219.1
Project("{FAE04EC0-301F-11D3-BF4B-00C04F79EFBC}") = "Nhom10", "Nhom10\Nhom10.csproj", "{6C988600-BB13-4478-A9C3-5E022666BB9A}"
EndProject
Project("{FAE04EC0-301F-11D3-BF4B-00C04F79EFBC}") = "DTO", "DTO\DTO.csproj", "{14C3CB46-559C-4176-9DBD-8DE630F17DD8}"
EndProject
Global
	GlobalSection(SolutionConfigurationPlatforms) = preSolution
		Debug|Any CPU = Debug|Any CPU
		Release|Any CPU = Release|Any CPU
	EndGlobalSection
	GlobalSection(ProjectConfigurationPlatforms) = postSolution
		{6C988600-BB13-4478-A9C3-5E022666BB9A}.Debug|Any CPU.ActiveCfg = Debug|Any CPU
		{6C988600-BB13-4478-A9C3-5E022666BB9A}.Debug|Any CPU.Build.0 = Debug|Any CPU
		{6C988600-BB13-4478-A9C3-5E022666BB9A}.Release|Any CPU.ActiveCfg = Release|Any CPU
		{6C988600-BB13-4478-A9C3-5E022666BB9A}.Release|Any CPU.Build.0 = Release|Any CPU
		{14C3CB46-559C-4176-9DBD-8DE630F17DD8}.Debug|Any CPU.ActiveCfg = Debug|Any CPU
		{14C3CB46-559C-4176-9DBD-8DE630F17DD8}.Debug|Any CPU.Build.0 = Debug|Any CPU
		{14C3CB46-559C-4176-9DBD-8DE630F17DD8}.Release|Any CPU.ActiveCfg = Release|Any CPU
		{14C3CB46-559C-4176-9DBD-8DE630F17DD8}.Release|Any CPU.Build.0 = Release|Any CPU
	EndGlobalSection
	GlobalSection(SolutionProperties) = preSolution
		HideSolutionNode = FALSE
	EndGlobalSection
	GlobalSection(ExtensibilityGlobals) = postSolution
		SolutionGuid = {44A866B7-E99F-49FD-990F-2AD6787421E7}
	EndGlobalSection
EndGlobal
